
Microsoft Visual Studio Solution File, Format Version 12.00
# Visual Studio Version 17
VisualStudioVersion = 17.0.31903.59
MinimumVisualStudioVersion = 10.0.40219.1
Project("{2150E333-8FDC-42A3-9474-1A3956D46DE8}") = "src", "src", "{827E0CD3-B72D-47B6-A68D-7590B98EB39B}"
EndProject
Project("{FAE04EC0-301F-11D3-BF4B-00C04F79EFBC}") = "ITOVotingApplication.Data", "src\ITOVotingApplication.Data\ITOVotingApplication.Data.csproj", "{9BE2402F-B18D-4150-9AF8-018D48C00870}"
EndProject
Project("{FAE04EC0-301F-11D3-BF4B-00C04F79EFBC}") = "ITOVotingApplication.Core", "src\ITOVotingApplication.Core\ITOVotingApplication.Core.csproj", "{3D150D8B-B7B6-4745-9A25-6A6658B66626}"
EndProject
Project("{FAE04EC0-301F-11D3-BF4B-00C04F79EFBC}") = "ITOVotingApplication.Business", "src\ITOVotingApplication.Business\ITOVotingApplication.Business.csproj", "{C40DCE66-B4D8-40FC-83C5-FD1758E9FEAD}"
EndProject
Project("{FAE04EC0-301F-11D3-BF4B-00C04F79EFBC}") = "ITOVotingApplication.Web", "src\ITOVotingApplication.Web\ITOVotingApplication.Web.csproj", "{F683675D-2140-4D87-8B06-488AD6A38BF7}"
EndProject
Global
	GlobalSection(SolutionConfigurationPlatforms) = preSolution
		Debug|Any CPU = Debug|Any CPU
		Debug|x64 = Debug|x64
		Debug|x86 = Debug|x86
		Release|Any CPU = Release|Any CPU
		Release|x64 = Release|x64
		Release|x86 = Release|x86
	EndGlobalSection
	GlobalSection(ProjectConfigurationPlatforms) = postSolution
		{9BE2402F-B18D-4150-9AF8-018D48C00870}.Debug|Any CPU.ActiveCfg = Debug|Any CPU
		{9BE2402F-B18D-4150-9AF8-018D48C00870}.Debug|Any CPU.Build.0 = Debug|Any CPU
		{9BE2402F-B18D-4150-9AF8-018D48C00870}.Debug|x64.ActiveCfg = Debug|Any CPU
		{9BE2402F-B18D-4150-9AF8-018D48C00870}.Debug|x64.Build.0 = Debug|Any CPU
		{9BE2402F-B18D-4150-9AF8-018D48C00870}.Debug|x86.ActiveCfg = Debug|Any CPU
		{9BE2402F-B18D-4150-9AF8-018D48C00870}.Debug|x86.Build.0 = Debug|Any CPU
		{9BE2402F-B18D-4150-9AF8-018D48C00870}.Release|Any CPU.ActiveCfg = Release|Any CPU
		{9BE2402F-B18D-4150-9AF8-018D48C00870}.Release|Any CPU.Build.0 = Release|Any CPU
		{9BE2402F-B18D-4150-9AF8-018D48C00870}.Release|x64.ActiveCfg = Release|Any CPU
		{9BE2402F-B18D-4150-9AF8-018D48C00870}.Release|x64.Build.0 = Release|Any CPU
		{9BE2402F-B18D-4150-9AF8-018D48C00870}.Release|x86.ActiveCfg = Release|Any CPU
		{9BE2402F-B18D-4150-9AF8-018D48C00870}.Release|x86.Build.0 = Release|Any CPU
		{3D150D8B-B7B6-4745-9A25-6A6658B66626}.Debug|Any CPU.ActiveCfg = Debug|Any CPU
		{3D150D8B-B7B6-4745-9A25-6A6658B66626}.Debug|Any CPU.Build.0 = Debug|Any CPU
		{3D150D8B-B7B6-4745-9A25-6A6658B66626}.Debug|x64.ActiveCfg = Debug|Any CPU
		{3D150D8B-B7B6-4745-9A25-6A6658B66626}.Debug|x64.Build.0 = Debug|Any CPU
		{3D150D8B-B7B6-4745-9A25-6A6658B66626}.Debug|x86.ActiveCfg = Debug|Any CPU
		{3D150D8B-B7B6-4745-9A25-6A6658B66626}.Debug|x86.Build.0 = Debug|Any CPU
		{3D150D8B-B7B6-4745-9A25-6A6658B66626}.Release|Any CPU.ActiveCfg = Release|Any CPU
		{3D150D8B-B7B6-4745-9A25-6A6658B66626}.Release|Any CPU.Build.0 = Release|Any CPU
		{3D150D8B-B7B6-4745-9A25-6A6658B66626}.Release|x64.ActiveCfg = Release|Any CPU
		{3D150D8B-B7B6-4745-9A25-6A6658B66626}.Release|x64.Build.0 = Release|Any CPU
		{3D150D8B-B7B6-4745-9A25-6A6658B66626}.Release|x86.ActiveCfg = Release|Any CPU
		{3D150D8B-B7B6-4745-9A25-6A6658B66626}.Release|x86.Build.0 = Release|Any CPU
		{C40DCE66-B4D8-40FC-83C5-FD1758E9FEAD}.Debug|Any CPU.ActiveCfg = Debug|Any CPU
		{C40DCE66-B4D8-40FC-83C5-FD1758E9FEAD}.Debug|Any CPU.Build.0 = Debug|Any CPU
		{C40DCE66-B4D8-40FC-83C5-FD1758E9FEAD}.Debug|x64.ActiveCfg = Debug|Any CPU
		{C40DCE66-B4D8-40FC-83C5-FD1758E9FEAD}.Debug|x64.Build.0 = Debug|Any CPU
		{C40DCE66-B4D8-40FC-83C5-FD1758E9FEAD}.Debug|x86.ActiveCfg = Debug|Any CPU
		{C40DCE66-B4D8-40FC-83C5-FD1758E9FEAD}.Debug|x86.Build.0 = Debug|Any CPU
		{C40DCE66-B4D8-40FC-83C5-FD1758E9FEAD}.Release|Any CPU.ActiveCfg = Release|Any CPU
		{C40DCE66-B4D8-40FC-83C5-FD1758E9FEAD}.Release|Any CPU.Build.0 = Release|Any CPU
		{C40DCE66-B4D8-40FC-83C5-FD1758E9FEAD}.Release|x64.ActiveCfg = Release|Any CPU
		{C40DCE66-B4D8-40FC-83C5-FD1758E9FEAD}.Release|x64.Build.0 = Release|Any CPU
		{C40DCE66-B4D8-40FC-83C5-FD1758E9FEAD}.Release|x86.ActiveCfg = Release|Any CPU
		{C40DCE66-B4D8-40FC-83C5-FD1758E9FEAD}.Release|x86.Build.0 = Release|Any CPU
		{F683675D-2140-4D87-8B06-488AD6A38BF7}.Debug|Any CPU.ActiveCfg = Debug|Any CPU
		{F683675D-2140-4D87-8B06-488AD6A38BF7}.Debug|Any CPU.Build.0 = Debug|Any CPU
		{F683675D-2140-4D87-8B06-488AD6A38BF7}.Debug|x64.ActiveCfg = Debug|Any CPU
		{F683675D-2140-4D87-8B06-488AD6A38BF7}.Debug|x64.Build.0 = Debug|Any CPU
		{F683675D-2140-4D87-8B06-488AD6A38BF7}.Debug|x86.ActiveCfg = Debug|Any CPU
		{F683675D-2140-4D87-8B06-488AD6A38BF7}.Debug|x86.Build.0 = Debug|Any CPU
		{F683675D-2140-4D87-8B06-488AD6A38BF7}.Release|Any CPU.ActiveCfg = Release|Any CPU
		{F683675D-2140-4D87-8B06-488AD6A38BF7}.Release|Any CPU.Build.0 = Release|Any CPU
		{F683675D-2140-4D87-8B06-488AD6A38BF7}.Release|x64.ActiveCfg = Release|Any CPU
		{F683675D-2140-4D87-8B06-488AD6A38BF7}.Release|x64.Build.0 = Release|Any CPU
		{F683675D-2140-4D87-8B06-488AD6A38BF7}.Release|x86.ActiveCfg = Release|Any CPU
		{F683675D-2140-4D87-8B06-488AD6A38BF7}.Release|x86.Build.0 = Release|Any CPU
	EndGlobalSection
	GlobalSection(SolutionProperties) = preSolution
		HideSolutionNode = FALSE
	EndGlobalSection
	GlobalSection(NestedProjects) = preSolution
		{9BE2402F-B18D-4150-9AF8-018D48C00870} = {827E0CD3-B72D-47B6-A68D-7590B98EB39B}
		{3D150D8B-B7B6-4745-9A25-6A6658B66626} = {827E0CD3-B72D-47B6-A68D-7590B98EB39B}
		{C40DCE66-B4D8-40FC-83C5-FD1758E9FEAD} = {827E0CD3-B72D-47B6-A68D-7590B98EB39B}
		{F683675D-2140-4D87-8B06-488AD6A38BF7} = {827E0CD3-B72D-47B6-A68D-7590B98EB39B}
	EndGlobalSection
	GlobalSection(ExtensibilityGlobals) = postSolution
		SolutionGuid = {C1903CB7-9D31-4723-8FFD-5933F6E6762A}
	EndGlobalSection
EndGlobal
